// !$*UTF8*$!
{
	archiveVersion = 1;
	classes = {
	};
	objectVersion = 55;
	objects = {

/* Begin PBXBuildFile section */
		845FCFC72859D6D100DFC59A /* AppDelegate.swift in Sources */ = {isa = PBXBuildFile; fileRef = 845FCFC62859D6D100DFC59A /* AppDelegate.swift */; };
		845FCFC92859D6D100DFC59A /* SceneDelegate.swift in Sources */ = {isa = PBXBuildFile; fileRef = 845FCFC82859D6D100DFC59A /* SceneDelegate.swift */; };
		845FCFCE2859D6D100DFC59A /* Main.storyboard in Resources */ = {isa = PBXBuildFile; fileRef = 845FCFCC2859D6D100DFC59A /* Main.storyboard */; };
		845FCFD02859D6D400DFC59A /* Assets.xcassets in Resources */ = {isa = PBXBuildFile; fileRef = 845FCFCF2859D6D400DFC59A /* Assets.xcassets */; };
		845FCFD32859D6D400DFC59A /* LaunchScreen.storyboard in Resources */ = {isa = PBXBuildFile; fileRef = 845FCFD12859D6D400DFC59A /* LaunchScreen.storyboard */; };
		845FCFDE2859D6D400DFC59A /* StoryboardInitTests.swift in Sources */ = {isa = PBXBuildFile; fileRef = 845FCFDD2859D6D400DFC59A /* StoryboardInitTests.swift */; };
		845FCFE82859D6D400DFC59A /* StoryboardInitUITests.swift in Sources */ = {isa = PBXBuildFile; fileRef = 845FCFE72859D6D400DFC59A /* StoryboardInitUITests.swift */; };
		845FCFEA2859D6D400DFC59A /* StoryboardInitUITestsLaunchTests.swift in Sources */ = {isa = PBXBuildFile; fileRef = 845FCFE92859D6D400DFC59A /* StoryboardInitUITestsLaunchTests.swift */; };
		845FCFFD2859D74700DFC59A /* HomeViewController.swift in Sources */ = {isa = PBXBuildFile; fileRef = 845FCFFB2859D74700DFC59A /* HomeViewController.swift */; };
		845FCFFE2859D74700DFC59A /* HomeViewController.xib in Resources */ = {isa = PBXBuildFile; fileRef = 845FCFFC2859D74700DFC59A /* HomeViewController.xib */; };
		845FD0002859D7BF00DFC59A /* Post.swift in Sources */ = {isa = PBXBuildFile; fileRef = 845FCFFF2859D7BF00DFC59A /* Post.swift */; };
		845FD0032859D80600DFC59A /* PostTableViewCell.swift in Sources */ = {isa = PBXBuildFile; fileRef = 845FD0012859D80600DFC59A /* PostTableViewCell.swift */; };
		845FD0042859D80600DFC59A /* PostTableViewCell.xib in Resources */ = {isa = PBXBuildFile; fileRef = 845FD0022859D80600DFC59A /* PostTableViewCell.xib */; };
		845FD0062859D9B400DFC59A /* BaseViewController.swift in Sources */ = {isa = PBXBuildFile; fileRef = 845FD0052859D9B400DFC59A /* BaseViewController.swift */; };
		845FD0092859D9EC00DFC59A /* CreateViewController.swift in Sources */ = {isa = PBXBuildFile; fileRef = 845FD0072859D9EC00DFC59A /* CreateViewController.swift */; };
		845FD00A2859D9EC00DFC59A /* CreateViewController.xib in Resources */ = {isa = PBXBuildFile; fileRef = 845FD0082859D9EC00DFC59A /* CreateViewController.xib */; };
		845FD00D2859D9FE00DFC59A /* EditViewController.swift in Sources */ = {isa = PBXBuildFile; fileRef = 845FD00B2859D9FE00DFC59A /* EditViewController.swift */; };
		845FD00E2859D9FE00DFC59A /* EditViewController.xib in Resources */ = {isa = PBXBuildFile; fileRef = 845FD00C2859D9FE00DFC59A /* EditViewController.xib */; };
/* End PBXBuildFile section */

/* Begin PBXContainerItemProxy section */
		845FCFDA2859D6D400DFC59A /* PBXContainerItemProxy */ = {
			isa = PBXContainerItemProxy;
			containerPortal = 845FCFBB2859D6D100DFC59A /* Project object */;
			proxyType = 1;
			remoteGlobalIDString = 845FCFC22859D6D100DFC59A;
			remoteInfo = StoryboardInit;
		};
		845FCFE42859D6D400DFC59A /* PBXContainerItemProxy */ = {
			isa = PBXContainerItemProxy;
			containerPortal = 845FCFBB2859D6D100DFC59A /* Project object */;
			proxyType = 1;
			remoteGlobalIDString = 845FCFC22859D6D100DFC59A;
			remoteInfo = StoryboardInit;
		};
/* End PBXContainerItemProxy section */

/* Begin PBXFileReference section */
		845FCFC32859D6D100DFC59A /* StoryboardInit.app */ = {isa = PBXFileReference; explicitFileType = wrapper.application; includeInIndex = 0; path = StoryboardInit.app; sourceTree = BUILT_PRODUCTS_DIR; };
		845FCFC62859D6D100DFC59A /* AppDelegate.swift */ = {isa = PBXFileReference; lastKnownFileType = sourcecode.swift; path = AppDelegate.swift; sourceTree = "<group>"; };
		845FCFC82859D6D100DFC59A /* SceneDelegate.swift */ = {isa = PBXFileReference; lastKnownFileType = sourcecode.swift; path = SceneDelegate.swift; sourceTree = "<group>"; };
		845FCFCD2859D6D100DFC59A /* Base */ = {isa = PBXFileReference; lastKnownFileType = file.storyboard; name = Base; path = Base.lproj/Main.storyboard; sourceTree = "<group>"; };
		845FCFCF2859D6D400DFC59A /* Assets.xcassets */ = {isa = PBXFileReference; lastKnownFileType = folder.assetcatalog; path = Assets.xcassets; sourceTree = "<group>"; };
		845FCFD22859D6D400DFC59A /* Base */ = {isa = PBXFileReference; lastKnownFileType = file.storyboard; name = Base; path = Base.lproj/LaunchScreen.storyboard; sourceTree = "<group>"; };
		845FCFD42859D6D400DFC59A /* Info.plist */ = {isa = PBXFileReference; lastKnownFileType = text.plist.xml; path = Info.plist; sourceTree = "<group>"; };
		845FCFD92859D6D400DFC59A /* StoryboardInitTests.xctest */ = {isa = PBXFileReference; explicitFileType = wrapper.cfbundle; includeInIndex = 0; path = StoryboardInitTests.xctest; sourceTree = BUILT_PRODUCTS_DIR; };
		845FCFDD2859D6D400DFC59A /* StoryboardInitTests.swift */ = {isa = PBXFileReference; lastKnownFileType = sourcecode.swift; path = StoryboardInitTests.swift; sourceTree = "<group>"; };
		845FCFE32859D6D400DFC59A /* StoryboardInitUITests.xctest */ = {isa = PBXFileReference; explicitFileType = wrapper.cfbundle; includeInIndex = 0; path = StoryboardInitUITests.xctest; sourceTree = BUILT_PRODUCTS_DIR; };
		845FCFE72859D6D400DFC59A /* StoryboardInitUITests.swift */ = {isa = PBXFileReference; lastKnownFileType = sourcecode.swift; path = StoryboardInitUITests.swift; sourceTree = "<group>"; };
		845FCFE92859D6D400DFC59A /* StoryboardInitUITestsLaunchTests.swift */ = {isa = PBXFileReference; lastKnownFileType = sourcecode.swift; path = StoryboardInitUITestsLaunchTests.swift; sourceTree = "<group>"; };
		845FCFFB2859D74700DFC59A /* HomeViewController.swift */ = {isa = PBXFileReference; lastKnownFileType = sourcecode.swift; path = HomeViewController.swift; sourceTree = "<group>"; };
		845FCFFC2859D74700DFC59A /* HomeViewController.xib */ = {isa = PBXFileReference; lastKnownFileType = file.xib; path = HomeViewController.xib; sourceTree = "<group>"; };
		845FCFFF2859D7BF00DFC59A /* Post.swift */ = {isa = PBXFileReference; lastKnownFileType = sourcecode.swift; path = Post.swift; sourceTree = "<group>"; };
		845FD0012859D80600DFC59A /* PostTableViewCell.swift */ = {isa = PBXFileReference; lastKnownFileType = sourcecode.swift; path = PostTableViewCell.swift; sourceTree = "<group>"; };
		845FD0022859D80600DFC59A /* PostTableViewCell.xib */ = {isa = PBXFileReference; lastKnownFileType = file.xib; path = PostTableViewCell.xib; sourceTree = "<group>"; };
		845FD0052859D9B400DFC59A /* BaseViewController.swift */ = {isa = PBXFileReference; lastKnownFileType = sourcecode.swift; path = BaseViewController.swift; sourceTree = "<group>"; };
		845FD0072859D9EC00DFC59A /* CreateViewController.swift */ = {isa = PBXFileReference; lastKnownFileType = sourcecode.swift; path = CreateViewController.swift; sourceTree = "<group>"; };
		845FD0082859D9EC00DFC59A /* CreateViewController.xib */ = {isa = PBXFileReference; lastKnownFileType = file.xib; path = CreateViewController.xib; sourceTree = "<group>"; };
		845FD00B2859D9FE00DFC59A /* EditViewController.swift */ = {isa = PBXFileReference; lastKnownFileType = sourcecode.swift; path = EditViewController.swift; sourceTree = "<group>"; };
		845FD00C2859D9FE00DFC59A /* EditViewController.xib */ = {isa = PBXFileReference; lastKnownFileType = file.xib; path = EditViewController.xib; sourceTree = "<group>"; };
/* End PBXFileReference section */

/* Begin PBXFrameworksBuildPhase section */
		845FCFC02859D6D100DFC59A /* Frameworks */ = {
			isa = PBXFrameworksBuildPhase;
			buildActionMask = 2147483647;
			files = (
			);
			runOnlyForDeploymentPostprocessing = 0;
		};
		845FCFD62859D6D400DFC59A /* Frameworks */ = {
			isa = PBXFrameworksBuildPhase;
			buildActionMask = 2147483647;
			files = (
			);
			runOnlyForDeploymentPostprocessing = 0;
		};
		845FCFE02859D6D400DFC59A /* Frameworks */ = {
			isa = PBXFrameworksBuildPhase;
			buildActionMask = 2147483647;
			files = (
			);
			runOnlyForDeploymentPostprocessing = 0;
		};
/* End PBXFrameworksBuildPhase section */

/* Begin PBXGroup section */
		845FCFBA2859D6D100DFC59A = {
			isa = PBXGroup;
			children = (
				845FCFC52859D6D100DFC59A /* StoryboardInit */,
				845FCFDC2859D6D400DFC59A /* StoryboardInitTests */,
				845FCFE62859D6D400DFC59A /* StoryboardInitUITests */,
				845FCFC42859D6D100DFC59A /* Products */,
			);
			sourceTree = "<group>";
		};
		845FCFC42859D6D100DFC59A /* Products */ = {
			isa = PBXGroup;
			children = (
				845FCFC32859D6D100DFC59A /* StoryboardInit.app */,
				845FCFD92859D6D400DFC59A /* StoryboardInitTests.xctest */,
				845FCFE32859D6D400DFC59A /* StoryboardInitUITests.xctest */,
			);
			name = Products;
			sourceTree = "<group>";
		};
		845FCFC52859D6D100DFC59A /* StoryboardInit */ = {
			isa = PBXGroup;
			children = (
				845FCFC62859D6D100DFC59A /* AppDelegate.swift */,
				845FCFC82859D6D100DFC59A /* SceneDelegate.swift */,
				845FCFD42859D6D400DFC59A /* Info.plist */,
				845FCFF92859D72000DFC59A /* model */,
				845FCFFA2859D72700DFC59A /* cells */,
				845FCFF82859D71500DFC59A /* controllers */,
				845FCFF72859D6F700DFC59A /* apputils */,
			);
			path = StoryboardInit;
			sourceTree = "<group>";
		};
		845FCFDC2859D6D400DFC59A /* StoryboardInitTests */ = {
			isa = PBXGroup;
			children = (
				845FCFDD2859D6D400DFC59A /* StoryboardInitTests.swift */,
			);
			path = StoryboardInitTests;
			sourceTree = "<group>";
		};
		845FCFE62859D6D400DFC59A /* StoryboardInitUITests */ = {
			isa = PBXGroup;
			children = (
				845FCFE72859D6D400DFC59A /* StoryboardInitUITests.swift */,
				845FCFE92859D6D400DFC59A /* StoryboardInitUITestsLaunchTests.swift */,
			);
			path = StoryboardInitUITests;
			sourceTree = "<group>";
		};
		845FCFF72859D6F700DFC59A /* apputils */ = {
			isa = PBXGroup;
			children = (
				845FCFCF2859D6D400DFC59A /* Assets.xcassets */,
				845FCFD12859D6D400DFC59A /* LaunchScreen.storyboard */,
				845FCFCC2859D6D100DFC59A /* Main.storyboard */,
			);
			path = apputils;
			sourceTree = "<group>";
		};
		845FCFF82859D71500DFC59A /* controllers */ = {
			isa = PBXGroup;
			children = (
				845FD0052859D9B400DFC59A /* BaseViewController.swift */,
				845FCFFB2859D74700DFC59A /* HomeViewController.swift */,
				845FCFFC2859D74700DFC59A /* HomeViewController.xib */,
				845FD0072859D9EC00DFC59A /* CreateViewController.swift */,
				845FD0082859D9EC00DFC59A /* CreateViewController.xib */,
				845FD00B2859D9FE00DFC59A /* EditViewController.swift */,
				845FD00C2859D9FE00DFC59A /* EditViewController.xib */,
			);
			path = controllers;
			sourceTree = "<group>";
		};
		845FCFF92859D72000DFC59A /* model */ = {
			isa = PBXGroup;
			children = (
				845FCFFF2859D7BF00DFC59A /* Post.swift */,
			);
			path = model;
			sourceTree = "<group>";
		};
		845FCFFA2859D72700DFC59A /* cells */ = {
			isa = PBXGroup;
			children = (
				845FD0012859D80600DFC59A /* PostTableViewCell.swift */,
				845FD0022859D80600DFC59A /* PostTableViewCell.xib */,
			);
			path = cells;
			sourceTree = "<group>";
		};
/* End PBXGroup section */

/* Begin PBXNativeTarget section */
		845FCFC22859D6D100DFC59A /* StoryboardInit */ = {
			isa = PBXNativeTarget;
			buildConfigurationList = 845FCFED2859D6D400DFC59A /* Build configuration list for PBXNativeTarget "StoryboardInit" */;
			buildPhases = (
				845FCFBF2859D6D100DFC59A /* Sources */,
				845FCFC02859D6D100DFC59A /* Frameworks */,
				845FCFC12859D6D100DFC59A /* Resources */,
			);
			buildRules = (
			);
			dependencies = (
			);
			name = StoryboardInit;
			productName = StoryboardInit;
			productReference = 845FCFC32859D6D100DFC59A /* StoryboardInit.app */;
			productType = "com.apple.product-type.application";
		};
		845FCFD82859D6D400DFC59A /* StoryboardInitTests */ = {
			isa = PBXNativeTarget;
			buildConfigurationList = 845FCFF02859D6D400DFC59A /* Build configuration list for PBXNativeTarget "StoryboardInitTests" */;
			buildPhases = (
				845FCFD52859D6D400DFC59A /* Sources */,
				845FCFD62859D6D400DFC59A /* Frameworks */,
				845FCFD72859D6D400DFC59A /* Resources */,
			);
			buildRules = (
			);
			dependencies = (
				845FCFDB2859D6D400DFC59A /* PBXTargetDependency */,
			);
			name = StoryboardInitTests;
			productName = StoryboardInitTests;
			productReference = 845FCFD92859D6D400DFC59A /* StoryboardInitTests.xctest */;
			productType = "com.apple.product-type.bundle.unit-test";
		};
		845FCFE22859D6D400DFC59A /* StoryboardInitUITests */ = {
			isa = PBXNativeTarget;
			buildConfigurationList = 845FCFF32859D6D400DFC59A /* Build configuration list for PBXNativeTarget "StoryboardInitUITests" */;
			buildPhases = (
				845FCFDF2859D6D400DFC59A /* Sources */,
				845FCFE02859D6D400DFC59A /* Frameworks */,
				845FCFE12859D6D400DFC59A /* Resources */,
			);
			buildRules = (
			);
			dependencies = (
				845FCFE52859D6D400DFC59A /* PBXTargetDependency */,
			);
			name = StoryboardInitUITests;
			productName = StoryboardInitUITests;
			productReference = 845FCFE32859D6D400DFC59A /* StoryboardInitUITests.xctest */;
			productType = "com.apple.product-type.bundle.ui-testing";
		};
/* End PBXNativeTarget section */

/* Begin PBXProject section */
		845FCFBB2859D6D100DFC59A /* Project object */ = {
			isa = PBXProject;
			attributes = {
				BuildIndependentTargetsInParallel = 1;
				LastSwiftUpdateCheck = 1330;
				LastUpgradeCheck = 1330;
				TargetAttributes = {
					845FCFC22859D6D100DFC59A = {
						CreatedOnToolsVersion = 13.3.1;
					};
					845FCFD82859D6D400DFC59A = {
						CreatedOnToolsVersion = 13.3.1;
						TestTargetID = 845FCFC22859D6D100DFC59A;
					};
					845FCFE22859D6D400DFC59A = {
						CreatedOnToolsVersion = 13.3.1;
						TestTargetID = 845FCFC22859D6D100DFC59A;
					};
				};
			};
			buildConfigurationList = 845FCFBE2859D6D100DFC59A /* Build configuration list for PBXProject "StoryboardInit" */;
			compatibilityVersion = "Xcode 13.0";
			developmentRegion = en;
			hasScannedForEncodings = 0;
			knownRegions = (
				en,
				Base,
			);
			mainGroup = 845FCFBA2859D6D100DFC59A;
			productRefGroup = 845FCFC42859D6D100DFC59A /* Products */;
			projectDirPath = "";
			projectRoot = "";
			targets = (
				845FCFC22859D6D100DFC59A /* StoryboardInit */,
				845FCFD82859D6D400DFC59A /* StoryboardInitTests */,
				845FCFE22859D6D400DFC59A /* StoryboardInitUITests */,
			);
		};
/* End PBXProject section */

/* Begin PBXResourcesBuildPhase section */
		845FCFC12859D6D100DFC59A /* Resources */ = {
			isa = PBXResourcesBuildPhase;
			buildActionMask = 2147483647;
			files = (
				845FCFD32859D6D400DFC59A /* LaunchScreen.storyboard in Resources */,
				845FD0042859D80600DFC59A /* PostTableViewCell.xib in Resources */,
				845FD00A2859D9EC00DFC59A /* CreateViewController.xib in Resources */,
				845FCFD02859D6D400DFC59A /* Assets.xcassets in Resources */,
				845FCFCE2859D6D100DFC59A /* Main.storyboard in Resources */,
				845FCFFE2859D74700DFC59A /* HomeViewController.xib in Resources */,
				845FD00E2859D9FE00DFC59A /* EditViewController.xib in Resources */,
			);
			runOnlyForDeploymentPostprocessing = 0;
		};
		845FCFD72859D6D400DFC59A /* Resources */ = {
			isa = PBXResourcesBuildPhase;
			buildActionMask = 2147483647;
			files = (
			);
			runOnlyForDeploymentPostprocessing = 0;
		};
		845FCFE12859D6D400DFC59A /* Resources */ = {
			isa = PBXResourcesBuildPhase;
			buildActionMask = 2147483647;
			files = (
			);
			runOnlyForDeploymentPostprocessing = 0;
		};
/* End PBXResourcesBuildPhase section */

/* Begin PBXSourcesBuildPhase section */
		845FCFBF2859D6D100DFC59A /* Sources */ = {
			isa = PBXSourcesBuildPhase;
			buildActionMask = 2147483647;
			files = (
				845FD00D2859D9FE00DFC59A /* EditViewController.swift in Sources */,
				845FCFC72859D6D100DFC59A /* AppDelegate.swift in Sources */,
				845FCFC92859D6D100DFC59A /* SceneDelegate.swift in Sources */,
				845FD0092859D9EC00DFC59A /* CreateViewController.swift in Sources */,
				845FD0032859D80600DFC59A /* PostTableViewCell.swift in Sources */,
				845FCFFD2859D74700DFC59A /* HomeViewController.swift in Sources */,
				845FD0002859D7BF00DFC59A /* Post.swift in Sources */,
				845FD0062859D9B400DFC59A /* BaseViewController.swift in Sources */,
			);
			runOnlyForDeploymentPostprocessing = 0;
		};
		845FCFD52859D6D400DFC59A /* Sources */ = {
			isa = PBXSourcesBuildPhase;
			buildActionMask = 2147483647;
			files = (
				845FCFDE2859D6D400DFC59A /* StoryboardInitTests.swift in Sources */,
			);
			runOnlyForDeploymentPostprocessing = 0;
		};
		845FCFDF2859D6D400DFC59A /* Sources */ = {
			isa = PBXSourcesBuildPhase;
			buildActionMask = 2147483647;
			files = (
				845FCFE82859D6D400DFC59A /* StoryboardInitUITests.swift in Sources */,
				845FCFEA2859D6D400DFC59A /* StoryboardInitUITestsLaunchTests.swift in Sources */,
			);
			runOnlyForDeploymentPostprocessing = 0;
		};
/* End PBXSourcesBuildPhase section */

/* Begin PBXTargetDependency section */
		845FCFDB2859D6D400DFC59A /* PBXTargetDependency */ = {
			isa = PBXTargetDependency;
			target = 845FCFC22859D6D100DFC59A /* StoryboardInit */;
			targetProxy = 845FCFDA2859D6D400DFC59A /* PBXContainerItemProxy */;
		};
		845FCFE52859D6D400DFC59A /* PBXTargetDependency */ = {
			isa = PBXTargetDependency;
			target = 845FCFC22859D6D100DFC59A /* StoryboardInit */;
			targetProxy = 845FCFE42859D6D400DFC59A /* PBXContainerItemProxy */;
		};
/* End PBXTargetDependency section */

/* Begin PBXVariantGroup section */
		845FCFCC2859D6D100DFC59A /* Main.storyboard */ = {
			isa = PBXVariantGroup;
			children = (
				845FCFCD2859D6D100DFC59A /* Base */,
			);
			name = Main.storyboard;
			sourceTree = "<group>";
		};
		845FCFD12859D6D400DFC59A /* LaunchScreen.storyboard */ = {
			isa = PBXVariantGroup;
			children = (
				845FCFD22859D6D400DFC59A /* Base */,
			);
			name = LaunchScreen.storyboard;
			sourceTree = "<group>";
		};
/* End PBXVariantGroup section */

/* Begin XCBuildConfiguration section */
		845FCFEB2859D6D400DFC59A /* Debug */ = {
			isa = XCBuildConfiguration;
			buildSettings = {
				ALWAYS_SEARCH_USER_PATHS = NO;
				CLANG_ANALYZER_NONNULL = YES;
				CLANG_ANALYZER_NUMBER_OBJECT_CONVERSION = YES_AGGRESSIVE;
				CLANG_CXX_LANGUAGE_STANDARD = "gnu++17";
				CLANG_ENABLE_MODULES = YES;
				CLANG_ENABLE_OBJC_ARC = YES;
				CLANG_ENABLE_OBJC_WEAK = YES;
				CLANG_WARN_BLOCK_CAPTURE_AUTORELEASING = YES;
				CLANG_WARN_BOOL_CONVERSION = YES;
				CLANG_WARN_COMMA = YES;
				CLANG_WARN_CONSTANT_CONVERSION = YES;
				CLANG_WARN_DEPRECATED_OBJC_IMPLEMENTATIONS = YES;
				CLANG_WARN_DIRECT_OBJC_ISA_USAGE = YES_ERROR;
				CLANG_WARN_DOCUMENTATION_COMMENTS = YES;
				CLANG_WARN_EMPTY_BODY = YES;
				CLANG_WARN_ENUM_CONVERSION = YES;
				CLANG_WARN_INFINITE_RECURSION = YES;
				CLANG_WARN_INT_CONVERSION = YES;
				CLANG_WARN_NON_LITERAL_NULL_CONVERSION = YES;
				CLANG_WARN_OBJC_IMPLICIT_RETAIN_SELF = YES;
				CLANG_WARN_OBJC_LITERAL_CONVERSION = YES;
				CLANG_WARN_OBJC_ROOT_CLASS = YES_ERROR;
				CLANG_WARN_QUOTED_INCLUDE_IN_FRAMEWORK_HEADER = YES;
				CLANG_WARN_RANGE_LOOP_ANALYSIS = YES;
				CLANG_WARN_STRICT_PROTOTYPES = YES;
				CLANG_WARN_SUSPICIOUS_MOVE = YES;
				CLANG_WARN_UNGUARDED_AVAILABILITY = YES_AGGRESSIVE;
				CLANG_WARN_UNREACHABLE_CODE = YES;
				CLANG_WARN__DUPLICATE_METHOD_MATCH = YES;
				COPY_PHASE_STRIP = NO;
				DEBUG_INFORMATION_FORMAT = dwarf;
				ENABLE_STRICT_OBJC_MSGSEND = YES;
				ENABLE_TESTABILITY = YES;
				GCC_C_LANGUAGE_STANDARD = gnu11;
				GCC_DYNAMIC_NO_PIC = NO;
				GCC_NO_COMMON_BLOCKS = YES;
				GCC_OPTIMIZATION_LEVEL = 0;
				GCC_PREPROCESSOR_DEFINITIONS = (
					"DEBUG=1",
					"$(inherited)",
				);
				GCC_WARN_64_TO_32_BIT_CONVERSION = YES;
				GCC_WARN_ABOUT_RETURN_TYPE = YES_ERROR;
				GCC_WARN_UNDECLARED_SELECTOR = YES;
				GCC_WARN_UNINITIALIZED_AUTOS = YES_AGGRESSIVE;
				GCC_WARN_UNUSED_FUNCTION = YES;
				GCC_WARN_UNUSED_VARIABLE = YES;
				IPHONEOS_DEPLOYMENT_TARGET = 15.4;
				MTL_ENABLE_DEBUG_INFO = INCLUDE_SOURCE;
				MTL_FAST_MATH = YES;
				ONLY_ACTIVE_ARCH = YES;
				SDKROOT = iphoneos;
				SWIFT_ACTIVE_COMPILATION_CONDITIONS = DEBUG;
				SWIFT_OPTIMIZATION_LEVEL = "-Onone";
			};
			name = Debug;
		};
		845FCFEC2859D6D400DFC59A /* Release */ = {
			isa = XCBuildConfiguration;
			buildSettings = {
				ALWAYS_SEARCH_USER_PATHS = NO;
				CLANG_ANALYZER_NONNULL = YES;
				CLANG_ANALYZER_NUMBER_OBJECT_CONVERSION = YES_AGGRESSIVE;
				CLANG_CXX_LANGUAGE_STANDARD = "gnu++17";
				CLANG_ENABLE_MODULES = YES;
				CLANG_ENABLE_OBJC_ARC = YES;
				CLANG_ENABLE_OBJC_WEAK = YES;
				CLANG_WARN_BLOCK_CAPTURE_AUTORELEASING = YES;
				CLANG_WARN_BOOL_CONVERSION = YES;
				CLANG_WARN_COMMA = YES;
				CLANG_WARN_CONSTANT_CONVERSION = YES;
				CLANG_WARN_DEPRECATED_OBJC_IMPLEMENTATIONS = YES;
				CLANG_WARN_DIRECT_OBJC_ISA_USAGE = YES_ERROR;
				CLANG_WARN_DOCUMENTATION_COMMENTS = YES;
				CLANG_WARN_EMPTY_BODY = YES;
				CLANG_WARN_ENUM_CONVERSION = YES;
				CLANG_WARN_INFINITE_RECURSION = YES;
				CLANG_WARN_INT_CONVERSION = YES;
				CLANG_WARN_NON_LITERAL_NULL_CONVERSION = YES;
				CLANG_WARN_OBJC_IMPLICIT_RETAIN_SELF = YES;
				CLANG_WARN_OBJC_LITERAL_CONVERSION = YES;
				CLANG_WARN_OBJC_ROOT_CLASS = YES_ERROR;
				CLANG_WARN_QUOTED_INCLUDE_IN_FRAMEWORK_HEADER = YES;
				CLANG_WARN_RANGE_LOOP_ANALYSIS = YES;
				CLANG_WARN_STRICT_PROTOTYPES = YES;
				CLANG_WARN_SUSPICIOUS_MOVE = YES;
				CLANG_WARN_UNGUARDED_AVAILABILITY = YES_AGGRESSIVE;
				CLANG_WARN_UNREACHABLE_CODE = YES;
				CLANG_WARN__DUPLICATE_METHOD_MATCH = YES;
				COPY_PHASE_STRIP = NO;
				DEBUG_INFORMATION_FORMAT = "dwarf-with-dsym";
				ENABLE_NS_ASSERTIONS = NO;
				ENABLE_STRICT_OBJC_MSGSEND = YES;
				GCC_C_LANGUAGE_STANDARD = gnu11;
				GCC_NO_COMMON_BLOCKS = YES;
				GCC_WARN_64_TO_32_BIT_CONVERSION = YES;
				GCC_WARN_ABOUT_RETURN_TYPE = YES_ERROR;
				GCC_WARN_UNDECLARED_SELECTOR = YES;
				GCC_WARN_UNINITIALIZED_AUTOS = YES_AGGRESSIVE;
				GCC_WARN_UNUSED_FUNCTION = YES;
				GCC_WARN_UNUSED_VARIABLE = YES;
				IPHONEOS_DEPLOYMENT_TARGET = 15.4;
				MTL_ENABLE_DEBUG_INFO = NO;
				MTL_FAST_MATH = YES;
				SDKROOT = iphoneos;
				SWIFT_COMPILATION_MODE = wholemodule;
				SWIFT_OPTIMIZATION_LEVEL = "-O";
				VALIDATE_PRODUCT = YES;
			};
			name = Release;
		};
		845FCFEE2859D6D400DFC59A /* Debug */ = {
			isa = XCBuildConfiguration;
			buildSettings = {
				ASSETCATALOG_COMPILER_APPICON_NAME = AppIcon;
				ASSETCATALOG_COMPILER_GLOBAL_ACCENT_COLOR_NAME = AccentColor;
				CODE_SIGN_STYLE = Automatic;
				CURRENT_PROJECT_VERSION = 1;
				GENERATE_INFOPLIST_FILE = YES;
				INFOPLIST_FILE = StoryboardInit/Info.plist;
				INFOPLIST_KEY_UIApplicationSupportsIndirectInputEvents = YES;
				INFOPLIST_KEY_UILaunchStoryboardName = LaunchScreen;
				INFOPLIST_KEY_UIMainStoryboardFile = Main;
				INFOPLIST_KEY_UISupportedInterfaceOrientations_iPad = "UIInterfaceOrientationPortrait UIInterfaceOrientationPortraitUpsideDown UIInterfaceOrientationLandscapeLeft UIInterfaceOrientationLandscapeRight";
				INFOPLIST_KEY_UISupportedInterfaceOrientations_iPhone = "UIInterfaceOrientationPortrait UIInterfaceOrientationLandscapeLeft UIInterfaceOrientationLandscapeRight";
				LD_RUNPATH_SEARCH_PATHS = (
					"$(inherited)",
					"@executable_path/Frameworks",
				);
				MARKETING_VERSION = 1.0;
				PRODUCT_BUNDLE_IDENTIFIER = Tanishlar.LLC.StoryboardInit;
				PRODUCT_NAME = "$(TARGET_NAME)";
				SWIFT_EMIT_LOC_STRINGS = YES;
				SWIFT_VERSION = 5.0;
				TARGETED_DEVICE_FAMILY = "1,2";
			};
			name = Debug;
		};
		845FCFEF2859D6D400DFC59A /* Release */ = {
			isa = XCBuildConfiguration;
			buildSettings = {
				ASSETCATALOG_COMPILER_APPICON_NAME = AppIcon;
				ASSETCATALOG_COMPILER_GLOBAL_ACCENT_COLOR_NAME = AccentColor;
				CODE_SIGN_STYLE = Automatic;
				CURRENT_PROJECT_VERSION = 1;
				GENERATE_INFOPLIST_FILE = YES;
				INFOPLIST_FILE = StoryboardInit/Info.plist;
				INFOPLIST_KEY_UIApplicationSupportsIndirectInputEvents = YES;
				INFOPLIST_KEY_UILaunchStoryboardName = LaunchScreen;
				INFOPLIST_KEY_UIMainStoryboardFile = Main;
				INFOPLIST_KEY_UISupportedInterfaceOrientations_iPad = "UIInterfaceOrientationPortrait UIInterfaceOrientationPortraitUpsideDown UIInterfaceOrientationLandscapeLeft UIInterfaceOrientationLandscapeRight";
				INFOPLIST_KEY_UISupportedInterfaceOrientations_iPhone = "UIInterfaceOrientationPortrait UIInterfaceOrientationLandscapeLeft UIInterfaceOrientationLandscapeRight";
				LD_RUNPATH_SEARCH_PATHS = (
					"$(inherited)",
					"@executable_path/Frameworks",
				);
				MARKETING_VERSION = 1.0;
				PRODUCT_BUNDLE_IDENTIFIER = Tanishlar.LLC.StoryboardInit;
				PRODUCT_NAME = "$(TARGET_NAME)";
				SWIFT_EMIT_LOC_STRINGS = YES;
				SWIFT_VERSION = 5.0;
				TARGETED_DEVICE_FAMILY = "1,2";
			};
			name = Release;
		};
		845FCFF12859D6D400DFC59A /* Debug */ = {
			isa = XCBuildConfiguration;
			buildSettings = {
				ALWAYS_EMBED_SWIFT_STANDARD_LIBRARIES = YES;
				BUNDLE_LOADER = "$(TEST_HOST)";
				CODE_SIGN_STYLE = Automatic;
				CURRENT_PROJECT_VERSION = 1;
				GENERATE_INFOPLIST_FILE = YES;
				IPHONEOS_DEPLOYMENT_TARGET = 15.4;
				MARKETING_VERSION = 1.0;
				PRODUCT_BUNDLE_IDENTIFIER = Tanishlar.LLC.StoryboardInitTests;
				PRODUCT_NAME = "$(TARGET_NAME)";
				SWIFT_EMIT_LOC_STRINGS = NO;
				SWIFT_VERSION = 5.0;
				TARGETED_DEVICE_FAMILY = "1,2";
				TEST_HOST = "$(BUILT_PRODUCTS_DIR)/StoryboardInit.app/StoryboardInit";
			};
			name = Debug;
		};
		845FCFF22859D6D400DFC59A /* Release */ = {
			isa = XCBuildConfiguration;
			buildSettings = {
				ALWAYS_EMBED_SWIFT_STANDARD_LIBRARIES = YES;
				BUNDLE_LOADER = "$(TEST_HOST)";
				CODE_SIGN_STYLE = Automatic;
				CURRENT_PROJECT_VERSION = 1;
				GENERATE_INFOPLIST_FILE = YES;
				IPHONEOS_DEPLOYMENT_TARGET = 15.4;
				MARKETING_VERSION = 1.0;
				PRODUCT_BUNDLE_IDENTIFIER = Tanishlar.LLC.StoryboardInitTests;
				PRODUCT_NAME = "$(TARGET_NAME)";
				SWIFT_EMIT_LOC_STRINGS = NO;
				SWIFT_VERSION = 5.0;
				TARGETED_DEVICE_FAMILY = "1,2";
				TEST_HOST = "$(BUILT_PRODUCTS_DIR)/StoryboardInit.app/StoryboardInit";
			};
			name = Release;
		};
		845FCFF42859D6D400DFC59A /* Debug */ = {
			isa = XCBuildConfiguration;
			buildSettings = {
				ALWAYS_EMBED_SWIFT_STANDARD_LIBRARIES = YES;
				CODE_SIGN_STYLE = Automatic;
				CURRENT_PROJECT_VERSION = 1;
				GENERATE_INFOPLIST_FILE = YES;
				MARKETING_VERSION = 1.0;
				PRODUCT_BUNDLE_IDENTIFIER = Tanishlar.LLC.StoryboardInitUITests;
				PRODUCT_NAME = "$(TARGET_NAME)";
				SWIFT_EMIT_LOC_STRINGS = NO;
				SWIFT_VERSION = 5.0;
				TARGETED_DEVICE_FAMILY = "1,2";
				TEST_TARGET_NAME = StoryboardInit;
			};
			name = Debug;
		};
		845FCFF52859D6D400DFC59A /* Release */ = {
			isa = XCBuildConfiguration;
			buildSettings = {
				ALWAYS_EMBED_SWIFT_STANDARD_LIBRARIES = YES;
				CODE_SIGN_STYLE = Automatic;
				CURRENT_PROJECT_VERSION = 1;
				GENERATE_INFOPLIST_FILE = YES;
				MARKETING_VERSION = 1.0;
				PRODUCT_BUNDLE_IDENTIFIER = Tanishlar.LLC.StoryboardInitUITests;
				PRODUCT_NAME = "$(TARGET_NAME)";
				SWIFT_EMIT_LOC_STRINGS = NO;
				SWIFT_VERSION = 5.0;
				TARGETED_DEVICE_FAMILY = "1,2";
				TEST_TARGET_NAME = StoryboardInit;
			};
			name = Release;
		};
/* End XCBuildConfiguration section */

/* Begin XCConfigurationList section */
		845FCFBE2859D6D100DFC59A /* Build configuration list for PBXProject "StoryboardInit" */ = {
			isa = XCConfigurationList;
			buildConfigurations = (
				845FCFEB2859D6D400DFC59A /* Debug */,
				845FCFEC2859D6D400DFC59A /* Release */,
			);
			defaultConfigurationIsVisible = 0;
			defaultConfigurationName = Release;
		};
		845FCFED2859D6D400DFC59A /* Build configuration list for PBXNativeTarget "StoryboardInit" */ = {
			isa = XCConfigurationList;
			buildConfigurations = (
				845FCFEE2859D6D400DFC59A /* Debug */,
				845FCFEF2859D6D400DFC59A /* Release */,
			);
			defaultConfigurationIsVisible = 0;
			defaultConfigurationName = Release;
		};
		845FCFF02859D6D400DFC59A /* Build configuration list for PBXNativeTarget "StoryboardInitTests" */ = {
			isa = XCConfigurationList;
			buildConfigurations = (
				845FCFF12859D6D400DFC59A /* Debug */,
				845FCFF22859D6D400DFC59A /* Release */,
			);
			defaultConfigurationIsVisible = 0;
			defaultConfigurationName = Release;
		};
		845FCFF32859D6D400DFC59A /* Build configuration list for PBXNativeTarget "StoryboardInitUITests" */ = {
			isa = XCConfigurationList;
			buildConfigurations = (
				845FCFF42859D6D400DFC59A /* Debug */,
				845FCFF52859D6D400DFC59A /* Release */,
			);
			defaultConfigurationIsVisible = 0;
			defaultConfigurationName = Release;
		};
/* End XCConfigurationList section */
	};
	rootObject = 845FCFBB2859D6D100DFC59A /* Project object */;
}
